
Microsoft Visual Studio Solution File, Format Version 12.00
# Visual Studio Version 17
VisualStudioVersion = 17.7.34202.233
MinimumVisualStudioVersion = 10.0.40219.1
Project("{FAE04EC0-301F-11D3-BF4B-00C04F79EFBC}") = "Matematik_Terimleri(Math)", "Matematik_Terimleri(Math)\Matematik_Terimleri(Math).csproj", "{C4A6F437-23F3-40F1-ADE1-C0B16991C315}"
EndProject
Global
	GlobalSection(SolutionConfigurationPlatforms) = preSolution
		Debug|Any CPU = Debug|Any CPU
		Release|Any CPU = Release|Any CPU
	EndGlobalSection
	GlobalSection(ProjectConfigurationPlatforms) = postSolution
		{C4A6F437-23F3-40F1-ADE1-C0B16991C315}.Debug|Any CPU.ActiveCfg = Debug|Any CPU
		{C4A6F437-23F3-40F1-ADE1-C0B16991C315}.Debug|Any CPU.Build.0 = Debug|Any CPU
		{C4A6F437-23F3-40F1-ADE1-C0B16991C315}.Release|Any CPU.ActiveCfg = Release|Any CPU
		{C4A6F437-23F3-40F1-ADE1-C0B16991C315}.Release|Any CPU.Build.0 = Release|Any CPU
	EndGlobalSection
	GlobalSection(SolutionProperties) = preSolution
		HideSolutionNode = FALSE
	EndGlobalSection
	GlobalSection(ExtensibilityGlobals) = postSolution
		SolutionGuid = {ABC075F2-B83F-446B-9FDA-93A95C6C759C}
	EndGlobalSection
EndGlobal
