
Microsoft Visual Studio Solution File, Format Version 12.00
# Visual Studio Version 17
VisualStudioVersion = 17.8.34330.188
MinimumVisualStudioVersion = 10.0.40219.1
Project("{FAE04EC0-301F-11D3-BF4B-00C04F79EFBC}") = "ConsoleApp4", "ConsoleApp4\ConsoleApp4.csproj", "{47AD1176-6E43-4CAC-973A-D8866AF1960B}"
EndProject
Global
	GlobalSection(SolutionConfigurationPlatforms) = preSolution
		Debug|Any CPU = Debug|Any CPU
		Release|Any CPU = Release|Any CPU
	EndGlobalSection
	GlobalSection(ProjectConfigurationPlatforms) = postSolution
		{47AD1176-6E43-4CAC-973A-D8866AF1960B}.Debug|Any CPU.ActiveCfg = Debug|Any CPU
		{47AD1176-6E43-4CAC-973A-D8866AF1960B}.Debug|Any CPU.Build.0 = Debug|Any CPU
		{47AD1176-6E43-4CAC-973A-D8866AF1960B}.Release|Any CPU.ActiveCfg = Release|Any CPU
		{47AD1176-6E43-4CAC-973A-D8866AF1960B}.Release|Any CPU.Build.0 = Release|Any CPU
	EndGlobalSection
	GlobalSection(SolutionProperties) = preSolution
		HideSolutionNode = FALSE
	EndGlobalSection
	GlobalSection(ExtensibilityGlobals) = postSolution
		SolutionGuid = {C5FFC6B1-36B1-4C89-AAE8-8632525A1E9E}
	EndGlobalSection
EndGlobal
