
Microsoft Visual Studio Solution File, Format Version 12.00
# Visual Studio Version 17
VisualStudioVersion = 17.7.34202.233
MinimumVisualStudioVersion = 10.0.40219.1
Project("{FAE04EC0-301F-11D3-BF4B-00C04F79EFBC}") = "WindowsFormsApp1", "WindowsFormsApp1\WindowsFormsApp1.csproj", "{95544699-0B94-417C-8DDF-F79B10F39401}"
EndProject
Global
	GlobalSection(SolutionConfigurationPlatforms) = preSolution
		Debug|Any CPU = Debug|Any CPU
		Release|Any CPU = Release|Any CPU
	EndGlobalSection
	GlobalSection(ProjectConfigurationPlatforms) = postSolution
		{95544699-0B94-417C-8DDF-F79B10F39401}.Debug|Any CPU.ActiveCfg = Debug|Any CPU
		{95544699-0B94-417C-8DDF-F79B10F39401}.Debug|Any CPU.Build.0 = Debug|Any CPU
		{95544699-0B94-417C-8DDF-F79B10F39401}.Release|Any CPU.ActiveCfg = Release|Any CPU
		{95544699-0B94-417C-8DDF-F79B10F39401}.Release|Any CPU.Build.0 = Release|Any CPU
	EndGlobalSection
	GlobalSection(SolutionProperties) = preSolution
		HideSolutionNode = FALSE
	EndGlobalSection
	GlobalSection(ExtensibilityGlobals) = postSolution
		SolutionGuid = {EB9F2D85-2E76-4859-8FB7-E76A47DA3A20}
	EndGlobalSection
EndGlobal
