
Microsoft Visual Studio Solution File, Format Version 12.00
# Visual Studio Version 17
VisualStudioVersion = 17.7.34202.233
MinimumVisualStudioVersion = 10.0.40219.1
Project("{FAE04EC0-301F-11D3-BF4B-00C04F79EFBC}") = "Switch_Case(Break_Default)", "Switch_Case(Break_Default)\Switch_Case(Break_Default).csproj", "{1D735238-68F0-4B05-9795-2F78C5275005}"
EndProject
Global
	GlobalSection(SolutionConfigurationPlatforms) = preSolution
		Debug|Any CPU = Debug|Any CPU
		Release|Any CPU = Release|Any CPU
	EndGlobalSection
	GlobalSection(ProjectConfigurationPlatforms) = postSolution
		{1D735238-68F0-4B05-9795-2F78C5275005}.Debug|Any CPU.ActiveCfg = Debug|Any CPU
		{1D735238-68F0-4B05-9795-2F78C5275005}.Debug|Any CPU.Build.0 = Debug|Any CPU
		{1D735238-68F0-4B05-9795-2F78C5275005}.Release|Any CPU.ActiveCfg = Release|Any CPU
		{1D735238-68F0-4B05-9795-2F78C5275005}.Release|Any CPU.Build.0 = Release|Any CPU
	EndGlobalSection
	GlobalSection(SolutionProperties) = preSolution
		HideSolutionNode = FALSE
	EndGlobalSection
	GlobalSection(ExtensibilityGlobals) = postSolution
		SolutionGuid = {39300F64-26D3-4B1D-A48C-3E51A639089A}
	EndGlobalSection
EndGlobal
