
Microsoft Visual Studio Solution File, Format Version 12.00
# Visual Studio Version 17
VisualStudioVersion = 17.7.34202.233
MinimumVisualStudioVersion = 10.0.40219.1
Project("{FAE04EC0-301F-11D3-BF4B-00C04F79EFBC}") = "BasicProject_2", "BasicProject_2\BasicProject_2.csproj", "{A7239629-B9AB-42B4-AA24-7BCE7667EDD9}"
EndProject
Global
	GlobalSection(SolutionConfigurationPlatforms) = preSolution
		Debug|Any CPU = Debug|Any CPU
		Release|Any CPU = Release|Any CPU
	EndGlobalSection
	GlobalSection(ProjectConfigurationPlatforms) = postSolution
		{A7239629-B9AB-42B4-AA24-7BCE7667EDD9}.Debug|Any CPU.ActiveCfg = Debug|Any CPU
		{A7239629-B9AB-42B4-AA24-7BCE7667EDD9}.Debug|Any CPU.Build.0 = Debug|Any CPU
		{A7239629-B9AB-42B4-AA24-7BCE7667EDD9}.Release|Any CPU.ActiveCfg = Release|Any CPU
		{A7239629-B9AB-42B4-AA24-7BCE7667EDD9}.Release|Any CPU.Build.0 = Release|Any CPU
	EndGlobalSection
	GlobalSection(SolutionProperties) = preSolution
		HideSolutionNode = FALSE
	EndGlobalSection
	GlobalSection(ExtensibilityGlobals) = postSolution
		SolutionGuid = {4656AC62-E24F-465E-A2DF-52DF89B393A9}
	EndGlobalSection
EndGlobal
